<?xml version="1.0" encoding="utf-8"?>
<Project ToolsVersion="4.0" xmlns="http://schemas.microsoft.com/developer/msbuild/2003">
  <ItemGroup>
    <ImageContentTask Include="Assets\sprite\dummy.png" />
    <ImageContentTask Include="Assets\sprite\title.png" />
    <ImageContentTask Include="Assets\sprite\botanose.png" />
    <ImageContentTask Include="Assets\sprite\Game.png" />
    <ImageContentTask Include="Assets\sprite\heart.png" />
    <ImageContentTask Include="Assets\sprite\heart2.png" />
    <ImageContentTask Include="Assets\sprite\heart3.png" />
    <ImageContentTask Include="Assets\sprite\Coin.png" />
  </ItemGroup>
  <ItemGroup>
    <ClCompile Include="Bullet.cpp" />
    <ClCompile Include="Coin.cpp" />
    <ClCompile Include="Coin2D.cpp" />
    <ClCompile Include="CoinCount.cpp" />
    <ClCompile Include="Enemy.cpp" />
    <ClCompile Include="EnemyBullet.cpp" />
    <ClCompile Include="EnemyCreate.cpp" />
    <ClCompile Include="Fade.cpp" />
    <ClCompile Include="Game.cpp" />
    <ClCompile Include="GameCamera.cpp" />
    <ClCompile Include="GameClear.cpp" />
    <ClCompile Include="GameOver.cpp" />
    <ClCompile Include="main.cpp" />
    <ClCompile Include="PlayerHP.cpp" />
    <ClCompile Include="Player.cpp" />
    <ClCompile Include="stdafx.cpp" />
    <ClCompile Include="Timer.cpp" />
    <ClCompile Include="CoinCount.cpp" />
    <ClCompile Include="EnemyBullet.cpp" />
    <ClCompile Include="Stage.cpp" />
    <ClCompile Include="Title.cpp" />
  </ItemGroup>
  <ItemGroup>
    <MeshContentTask Include="Assets\modelData\Bullet.fbx" />
    <MeshContentTask Include="Assets\modelData\coin.fbx" />
    <MeshContentTask Include="Assets\modelData\EnemyBullet.fbx" />
    <MeshContentTask Include="Assets\modelData\unityChan.fbx" />
    <MeshContentTask Include="Assets\modelData\yuka.fbx" />
    <MeshContentTask Include="Assets\modelData\Title.fbx" />
    <MeshContentTask Include="Assets\modelData\stage.fbx" />
    <MeshContentTask Include="Assets\modelData\Enemy.fbx" />
  </ItemGroup>
  <ItemGroup>
    <ClInclude Include="Bullet.h" />
    <ClInclude Include="Coin.h" />
    <ClInclude Include="Coin2D.h" />
    <ClInclude Include="CoinCount.h" />
    <ClInclude Include="Enemy.h" />
    <ClInclude Include="EnemyBullet.h" />
    <ClInclude Include="EnemyCreate.h" />
    <ClInclude Include="Fade.h" />
    <ClInclude Include="Game.h" />
    <ClInclude Include="GameCamera.h" />
    <ClInclude Include="Player.h" />
    <ClInclude Include="GameClear.h" />
    <ClInclude Include="GameOver.h" />
    <ClInclude Include="PlayerHP.h" />
    <CLInclude Include="resource.h" />
    <ClInclude Include="stdafx.h" />
    <ClInclude Include="Timer.h" />
    <ClInclude Include="CoinCount.h" />
    <ClInclude Include="EnemyBullet.h" />
    <ClInclude Include="Stage.h" />
    <ClInclude Include="Sound.h" />
    <ClInclude Include="Title.h" />
  </ItemGroup>
  <ItemGroup>
    <MeshContentTask Include="Assets\modelData\unityChan.fbx">
      <Filter>Assets\modelData</Filter>
    </MeshContentTask>
    <MeshContentTask Include="Assets\modelData\Bullet.fbx">
      <Filter>Assets\modelData</Filter>
    </MeshContentTask>
    <MeshContentTask Include="Assets\modelData\coin.fbx">
      <Filter>Assets\modelData</Filter>
    </MeshContentTask>
    <MeshContentTask Include="Assets\modelData\yuka.fbx">
      <Filter>Assets\modelData</Filter>
    </MeshContentTask>
    <MeshContentTask Include="Assets\modelData\EnemyBullet.fbx">
      <Filter>Assets\modelData</Filter>
    </MeshContentTask>
  </ItemGroup>
  <ItemGroup>
    <CustomBuild Include="Assets\sound\Title.wav" />
    <CustomBuild Include="Assets\sound\Button.wav" />
  </ItemGroup>
  <ItemGroup>
    <ResourceCompile Include="Game.rc" />
    <ResourceCompile Include="Game.rc" />
  </ItemGroup>
</Project>