<?xml version="1.0" encoding="utf-8"?>
<Project ToolsVersion="4.0" xmlns="http://schemas.microsoft.com/developer/msbuild/2003">
  <ItemGroup>
    <ImageContentTask Include="Assets\sprite\botanose.png">
      <Filter>Assets\sprite</Filter>
    </ImageContentTask>
    <ImageContentTask Include="Assets\sprite\Coin.png">
      <Filter>Assets\sprite</Filter>
    </ImageContentTask>
    <ImageContentTask Include="Assets\sprite\dummy.png">
      <Filter>Assets\sprite</Filter>
    </ImageContentTask>
    <ImageContentTask Include="Assets\sprite\Game.png">
      <Filter>Assets\sprite</Filter>
    </ImageContentTask>
    <ImageContentTask Include="Assets\sprite\heart.png">
      <Filter>Assets\sprite</Filter>
    </ImageContentTask>
    <ImageContentTask Include="Assets\sprite\heart2.png">
      <Filter>Assets\sprite</Filter>
    </ImageContentTask>
    <ImageContentTask Include="Assets\sprite\heart3.png">
      <Filter>Assets\sprite</Filter>
    </ImageContentTask>
    <ImageContentTask Include="Assets\sprite\GameOver.png">
      <Filter>Assets\sprite</Filter>
    </ImageContentTask>
    <ImageContentTask Include="Assets\sprite\Fade.png">
      <Filter>Assets\sprite</Filter>
    </ImageContentTask>
    <ImageContentTask Include="Assets\sprite\GameClear.png">
      <Filter>Assets\sprite</Filter>
    </ImageContentTask>
  </ItemGroup>
  <ItemGroup>
    <ClCompile Include="Bullet.cpp" />
    <ClCompile Include="Coin.cpp" />
    <ClCompile Include="Coin2D.cpp" />
    <ClCompile Include="CoinCount.cpp" />
    <ClCompile Include="Enemy.cpp" />
    <ClCompile Include="EnemyBullet.cpp" />
    <ClCompile Include="EnemyCreate.cpp" />
    <ClCompile Include="Fade.cpp" />
    <ClCompile Include="Game.cpp" />
    <ClCompile Include="GameCamera.cpp" />
    <ClCompile Include="GameClear.cpp" />
    <ClCompile Include="GameOver.cpp" />
    <ClCompile Include="main.cpp" />
    <ClCompile Include="PlayerHP.cpp" />
    <ClCompile Include="Player.cpp" />
    <ClCompile Include="stdafx.cpp" />
    <ClCompile Include="Timer.cpp" />
    <ClCompile Include="CoinCount.cpp" />
    <ClCompile Include="EnemyBullet.cpp" />
    <ClCompile Include="Stage.cpp" />
    <ClCompile Include="Title.cpp" />
    <ClCompile Include="Enemy2.cpp" />
    <ClCompile Include="Boss.cpp" />
    <ClCompile Include="BulletCount.cpp" />
    <ClCompile Include="EnemyCount.cpp" />
    <ClCompile Include="CoinCreate.cpp" />
  </ItemGroup>
  <ItemGroup>
    <MeshContentTask Include="Assets\modelData\Title.fbx">
      <Filter>Assets\modeData</Filter>
    </MeshContentTask>
    <MeshContentTask Include="Assets\modelData\Bullet.fbx" />
    <MeshContentTask Include="Assets\modelData\coin.fbx" />
    <MeshContentTask Include="Assets\modelData\EnemyBullet.fbx" />
    <MeshContentTask Include="Assets\modelData\unityChan.fbx" />
    <MeshContentTask Include="Assets\modelData\yuka.fbx" />
    <MeshContentTask Include="Assets\modelData\Title.fbx" />
    <MeshContentTask Include="Assets\modelData\stage.fbx" />
    <MeshContentTask Include="Assets\modelData\Bullet.fbx">
      <Filter>Assets\modeData</Filter>
    </MeshContentTask>
    <MeshContentTask Include="Assets\modelData\coin.fbx">
      <Filter>Assets\modeData</Filter>
    </MeshContentTask>
    <MeshContentTask Include="Assets\modelData\Enemy.fbx">
      <Filter>Assets\modeData</Filter>
    </MeshContentTask>
    <MeshContentTask Include="Assets\modelData\EnemyBullet.fbx">
      <Filter>Assets\modeData</Filter>
    </MeshContentTask>
    <MeshContentTask Include="Assets\modelData\stage.fbx">
      <Filter>Assets\modeData</Filter>
    </MeshContentTask>
    <MeshContentTask Include="Assets\modelData\unityChan.fbx">
      <Filter>Assets\modeData</Filter>
    </MeshContentTask>
    <MeshContentTask Include="Assets\modelData\yuka.fbx">
      <Filter>Assets\modeData</Filter>
    </MeshContentTask>
    <MeshContentTask Include="Assets\modelData\Enemy2.fbx">
      <Filter>Assets\modeData</Filter>
    </MeshContentTask>
    <MeshContentTask Include="Assets\modelData\Player.fbx">
      <Filter>Assets\modeData</Filter>
    </MeshContentTask>
    <MeshContentTask Include="Assets\modelData\Bullet.fbx" />
    <MeshContentTask Include="Assets\modelData\coin.fbx" />
    <MeshContentTask Include="Assets\modelData\EnemyBullet.fbx" />
    <MeshContentTask Include="Assets\modelData\unityChan.fbx" />
    <MeshContentTask Include="Assets\modelData\yuka.fbx" />
    <MeshContentTask Include="Assets\modelData\Title.fbx" />
    <MeshContentTask Include="Assets\modelData\stage.fbx" />
    <MeshContentTask Include="Assets\modelData\Enemy.fbx" />
    <MeshContentTask Include="Assets\modelData\GameOver.fbx" />
    <MeshContentTask Include="Assets\modelData\Overmoji.fbx" />
    <MeshContentTask Include="Assets\modelData\Boss.fbx">
      <Filter>Assets\modeData</Filter>
    </MeshContentTask>
  </ItemGroup>
  <ItemGroup>
    <ClInclude Include="Bullet.h" />
    <ClInclude Include="Coin.h" />
    <ClInclude Include="Coin2D.h" />
    <ClInclude Include="CoinCount.h" />
    <ClInclude Include="Enemy.h" />
    <ClInclude Include="EnemyBullet.h" />
    <ClInclude Include="EnemyCreate.h" />
    <ClInclude Include="Fade.h" />
    <ClInclude Include="Game.h" />
    <ClInclude Include="GameCamera.h" />
    <ClInclude Include="Player.h" />
    <ClInclude Include="GameClear.h" />
    <ClInclude Include="GameOver.h" />
    <ClInclude Include="PlayerHP.h" />
    <CLInclude Include="resource.h" />
    <ClInclude Include="stdafx.h" />
    <ClInclude Include="Timer.h" />
    <ClInclude Include="CoinCount.h" />
    <ClInclude Include="EnemyBullet.h" />
    <ClInclude Include="Stage.h" />
    <ClInclude Include="Sound.h" />
    <ClInclude Include="Title.h" />
    <ClInclude Include="Enemy2.h" />
    <ClInclude Include="Boss.h" />
    <ClInclude Include="BulletCount.h" />
    <ClInclude Include="EnemyCount.h" />
    <ClInclude Include="CoinCreate.h" />
  </ItemGroup>
  <ItemGroup>
    <ClInclude Include="Sound.h" />
    <ClInclude Include="Title.h" />
  </ItemGroup>
  <ItemGroup>
    <MeshContentTask Include="Assets\modelData\unityChan.fbx">
      <Filter>Assets\modelData</Filter>
    </MeshContentTask>
    <MeshContentTask Include="Assets\modelData\Bullet.fbx">
      <Filter>Assets\modelData</Filter>
    </MeshContentTask>
    <MeshContentTask Include="Assets\modelData\coin.fbx">
      <Filter>Assets\modelData</Filter>
    </MeshContentTask>
    <MeshContentTask Include="Assets\modelData\yuka.fbx">
      <Filter>Assets\modelData</Filter>
    </MeshContentTask>
    <MeshContentTask Include="Assets\modelData\EnemyBullet.fbx">
      <Filter>Assets\modelData</Filter>
    </MeshContentTask>
  </ItemGroup>
  <ItemGroup>
    <CustomBuild Include="Assets\sound\Button.wav">
      <Filter>Assets\sound</Filter>
    </CustomBuild>
    <CustomBuild Include="Assets\sound\Title.wav">
      <Filter>Assets\sound</Filter>
    </CustomBuild>
  </ItemGroup>
  <ItemGroup>
    <ResourceCompile Include="Game.rc" />
    <ResourceCompile Include="Game.rc" />
  </ItemGroup>
  <ItemGroup>
    <Filter Include="Assets">
      <UniqueIdentifier>{a76d26f8-f810-47c0-b044-de2667c4eeb9}</UniqueIdentifier>
    </Filter>
    <Filter Include="Assets\modeData">
      <UniqueIdentifier>{66d878f0-24e7-43f9-afa0-dc57ada3d21f}</UniqueIdentifier>
    </Filter>
    <Filter Include="Assets\sound">
      <UniqueIdentifier>{ee73fdf9-0c53-4429-a2ca-b12e7fc45878}</UniqueIdentifier>
    </Filter>
    <Filter Include="Assets\sprite">
      <UniqueIdentifier>{da06a027-d11e-4271-bd46-28b7893285f9}</UniqueIdentifier>
    </Filter>
    <Filter Include="Assets\effect">
      <UniqueIdentifier>{19e39292-37aa-4163-aeda-72a3ab735430}</UniqueIdentifier>
    </Filter>
  </ItemGroup>
  <ItemGroup>
    <None Include="Assets\effect\CoinEF.efkproj">
      <Filter>Assets\effect</Filter>
    </None>
    <None Include="Assets\effect\CoinEF.efk">
      <Filter>Assets\effect</Filter>
    </None>
    <None Include="Assets\effect\test1.efk">
      <Filter>Assets\effect</Filter>
    </None>
  </ItemGroup>
  <ItemGroup>
    <Media Include="Assets\sound\coinGet.wav">
      <Filter>Assets\sound</Filter>
    </Media>
    <Media Include="Assets\sound\shot.wav">
      <Filter>Assets\sound</Filter>
    </Media>
    <Media Include="Assets\sound\Enemydamege.wav">
      <Filter>Assets\sound</Filter>
    </Media>
    <Media Include="Assets\sound\Bossdamege.wav">
      <Filter>Assets\sound</Filter>
    </Media>
    <Media Include="Assets\sound\GameBgm (online-audio-converter.com).wav">
      <Filter>Assets\sound</Filter>
    </Media>
    <Media Include="Assets\sound\Playerdamege.wav">
      <Filter>Assets\sound</Filter>
    </Media>
  </ItemGroup>
</Project>